// !$*UTF8*$!
{
	archiveVersion = 1;
	classes = {
	};
	objectVersion = 46;
	objects = {

/* Begin PBXBuildFile section */
		FB4D2F9C1AA2458000186905 /* AppDelegate.swift in Sources */ = {isa = PBXBuildFile; fileRef = FB4D2F9B1AA2458000186905 /* AppDelegate.swift */; };
		FB4D2F9E1AA2458000186905 /* RecordAudioController.swift in Sources */ = {isa = PBXBuildFile; fileRef = FB4D2F9D1AA2458000186905 /* RecordAudioController.swift */; };
		FB4D2FA11AA2458000186905 /* Main.storyboard in Resources */ = {isa = PBXBuildFile; fileRef = FB4D2F9F1AA2458000186905 /* Main.storyboard */; };
		FB4D2FA31AA2458000186905 /* Images.xcassets in Resources */ = {isa = PBXBuildFile; fileRef = FB4D2FA21AA2458000186905 /* Images.xcassets */; };
		FB4D2FA61AA2458000186905 /* LaunchScreen.xib in Resources */ = {isa = PBXBuildFile; fileRef = FB4D2FA41AA2458000186905 /* LaunchScreen.xib */; };
		FB4D2FB21AA2458000186905 /* Pitch_PerfectTests.swift in Sources */ = {isa = PBXBuildFile; fileRef = FB4D2FB11AA2458000186905 /* Pitch_PerfectTests.swift */; };
		FBCB4B351B2CC8F6007EB946 /* microphone2x.png in Resources */ = {isa = PBXBuildFile; fileRef = FBCB4B341B2CC8F6007EB946 /* microphone2x.png */; };
		FBCB4B3A1B2CC931007EB946 /* chipmunk2x.png in Resources */ = {isa = PBXBuildFile; fileRef = FBCB4B361B2CC931007EB946 /* chipmunk2x.png */; };
		FBCB4B3B1B2CC931007EB946 /* darthvader2x.png in Resources */ = {isa = PBXBuildFile; fileRef = FBCB4B371B2CC931007EB946 /* darthvader2x.png */; };
		FBCB4B3C1B2CC931007EB946 /* slow2x.png in Resources */ = {isa = PBXBuildFile; fileRef = FBCB4B381B2CC931007EB946 /* slow2x.png */; };
		FBCB4B3D1B2CC931007EB946 /* stop2x.png in Resources */ = {isa = PBXBuildFile; fileRef = FBCB4B391B2CC931007EB946 /* stop2x.png */; };
		FBCB4B3F1B2CD61D007EB946 /* fast2x.png in Resources */ = {isa = PBXBuildFile; fileRef = FBCB4B3E1B2CD61D007EB946 /* fast2x.png */; };
		FBCB4B411B2CE05F007EB946 /* PlayAudioController.swift in Sources */ = {isa = PBXBuildFile; fileRef = FBCB4B401B2CE05F007EB946 /* PlayAudioController.swift */; };
		FBCB4B431B2CE4B4007EB946 /* movie_quote.mp3 in Resources */ = {isa = PBXBuildFile; fileRef = FBCB4B421B2CE4B4007EB946 /* movie_quote.mp3 */; };
		FBCB4B451B2CED20007EB946 /* RecordedFile.swift in Sources */ = {isa = PBXBuildFile; fileRef = FBCB4B441B2CED20007EB946 /* RecordedFile.swift */; };
/* End PBXBuildFile section */

/* Begin PBXContainerItemProxy section */
		FB4D2FAC1AA2458000186905 /* PBXContainerItemProxy */ = {
			isa = PBXContainerItemProxy;
			containerPortal = FB4D2F8E1AA2458000186905 /* Project object */;
			proxyType = 1;
			remoteGlobalIDString = FB4D2F951AA2458000186905;
			remoteInfo = "Pitch Perfect";
		};
/* End PBXContainerItemProxy section */

/* Begin PBXFileReference section */
		FB4D2F961AA2458000186905 /* Pitch Perfect.app */ = {isa = PBXFileReference; explicitFileType = wrapper.application; includeInIndex = 0; path = "Pitch Perfect.app"; sourceTree = BUILT_PRODUCTS_DIR; };
		FB4D2F9A1AA2458000186905 /* Info.plist */ = {isa = PBXFileReference; lastKnownFileType = text.plist.xml; path = Info.plist; sourceTree = "<group>"; };
		FB4D2F9B1AA2458000186905 /* AppDelegate.swift */ = {isa = PBXFileReference; lastKnownFileType = sourcecode.swift; path = AppDelegate.swift; sourceTree = "<group>"; };
		FB4D2F9D1AA2458000186905 /* RecordAudioController.swift */ = {isa = PBXFileReference; lastKnownFileType = sourcecode.swift; path = RecordAudioController.swift; sourceTree = "<group>"; };
		FB4D2FA01AA2458000186905 /* Base */ = {isa = PBXFileReference; lastKnownFileType = file.storyboard; name = Base; path = Base.lproj/Main.storyboard; sourceTree = "<group>"; };
		FB4D2FA21AA2458000186905 /* Images.xcassets */ = {isa = PBXFileReference; lastKnownFileType = folder.assetcatalog; path = Images.xcassets; sourceTree = "<group>"; };
		FB4D2FA51AA2458000186905 /* Base */ = {isa = PBXFileReference; lastKnownFileType = file.xib; name = Base; path = Base.lproj/LaunchScreen.xib; sourceTree = "<group>"; };
		FB4D2FAB1AA2458000186905 /* Pitch PerfectTests.xctest */ = {isa = PBXFileReference; explicitFileType = wrapper.cfbundle; includeInIndex = 0; path = "Pitch PerfectTests.xctest"; sourceTree = BUILT_PRODUCTS_DIR; };
		FB4D2FB01AA2458000186905 /* Info.plist */ = {isa = PBXFileReference; lastKnownFileType = text.plist.xml; path = Info.plist; sourceTree = "<group>"; };
		FB4D2FB11AA2458000186905 /* Pitch_PerfectTests.swift */ = {isa = PBXFileReference; lastKnownFileType = sourcecode.swift; path = Pitch_PerfectTests.swift; sourceTree = "<group>"; };
		FBCB4B341B2CC8F6007EB946 /* microphone2x.png */ = {isa = PBXFileReference; lastKnownFileType = image.png; path = microphone2x.png; sourceTree = "<group>"; };
		FBCB4B361B2CC931007EB946 /* chipmunk2x.png */ = {isa = PBXFileReference; lastKnownFileType = image.png; path = chipmunk2x.png; sourceTree = "<group>"; };
		FBCB4B371B2CC931007EB946 /* darthvader2x.png */ = {isa = PBXFileReference; lastKnownFileType = image.png; path = darthvader2x.png; sourceTree = "<group>"; };
		FBCB4B381B2CC931007EB946 /* slow2x.png */ = {isa = PBXFileReference; lastKnownFileType = image.png; path = slow2x.png; sourceTree = "<group>"; };
		FBCB4B391B2CC931007EB946 /* stop2x.png */ = {isa = PBXFileReference; lastKnownFileType = image.png; path = stop2x.png; sourceTree = "<group>"; };
		FBCB4B3E1B2CD61D007EB946 /* fast2x.png */ = {isa = PBXFileReference; lastKnownFileType = image.png; path = fast2x.png; sourceTree = "<group>"; };
		FBCB4B401B2CE05F007EB946 /* PlayAudioController.swift */ = {isa = PBXFileReference; fileEncoding = 4; lastKnownFileType = sourcecode.swift; path = PlayAudioController.swift; sourceTree = "<group>"; };
		FBCB4B421B2CE4B4007EB946 /* movie_quote.mp3 */ = {isa = PBXFileReference; lastKnownFileType = audio.mp3; path = movie_quote.mp3; sourceTree = "<group>"; };
		FBCB4B441B2CED20007EB946 /* RecordedFile.swift */ = {isa = PBXFileReference; fileEncoding = 4; lastKnownFileType = sourcecode.swift; path = RecordedFile.swift; sourceTree = "<group>"; };
/* End PBXFileReference section */

/* Begin PBXFrameworksBuildPhase section */
		FB4D2F931AA2458000186905 /* Frameworks */ = {
			isa = PBXFrameworksBuildPhase;
			buildActionMask = 2147483647;
			files = (
			);
			runOnlyForDeploymentPostprocessing = 0;
		};
		FB4D2FA81AA2458000186905 /* Frameworks */ = {
			isa = PBXFrameworksBuildPhase;
			buildActionMask = 2147483647;
			files = (
			);
			runOnlyForDeploymentPostprocessing = 0;
		};
/* End PBXFrameworksBuildPhase section */

/* Begin PBXGroup section */
		FB4D2F8D1AA2458000186905 = {
			isa = PBXGroup;
			children = (
				FB4D2F981AA2458000186905 /* Pitch Perfect */,
				FB4D2FAE1AA2458000186905 /* Pitch PerfectTests */,
				FB4D2F971AA2458000186905 /* Products */,
			);
			sourceTree = "<group>";
		};
		FB4D2F971AA2458000186905 /* Products */ = {
			isa = PBXGroup;
			children = (
				FB4D2F961AA2458000186905 /* Pitch Perfect.app */,
				FB4D2FAB1AA2458000186905 /* Pitch PerfectTests.xctest */,
			);
			name = Products;
			sourceTree = "<group>";
		};
		FB4D2F981AA2458000186905 /* Pitch Perfect */ = {
			isa = PBXGroup;
			children = (
				FB4D2F9B1AA2458000186905 /* AppDelegate.swift */,
				FB4D2F9D1AA2458000186905 /* RecordAudioController.swift */,
				FBCB4B441B2CED20007EB946 /* RecordedFile.swift */,
				FBCB4B401B2CE05F007EB946 /* PlayAudioController.swift */,
				FB4D2F9F1AA2458000186905 /* Main.storyboard */,
				FB4D2FA21AA2458000186905 /* Images.xcassets */,
				FBCB4B341B2CC8F6007EB946 /* microphone2x.png */,
				FBCB4B3E1B2CD61D007EB946 /* fast2x.png */,
				FBCB4B361B2CC931007EB946 /* chipmunk2x.png */,
				FBCB4B371B2CC931007EB946 /* darthvader2x.png */,
				FBCB4B381B2CC931007EB946 /* slow2x.png */,
				FBCB4B391B2CC931007EB946 /* stop2x.png */,
				FB4D2FA41AA2458000186905 /* LaunchScreen.xib */,
				FB4D2F991AA2458000186905 /* Supporting Files */,
			);
			path = "Pitch Perfect";
			sourceTree = "<group>";
		};
		FB4D2F991AA2458000186905 /* Supporting Files */ = {
			isa = PBXGroup;
			children = (
				FB4D2F9A1AA2458000186905 /* Info.plist */,
				FBCB4B421B2CE4B4007EB946 /* movie_quote.mp3 */,
			);
			name = "Supporting Files";
			sourceTree = "<group>";
		};
		FB4D2FAE1AA2458000186905 /* Pitch PerfectTests */ = {
			isa = PBXGroup;
			children = (
				FB4D2FB11AA2458000186905 /* Pitch_PerfectTests.swift */,
				FB4D2FAF1AA2458000186905 /* Supporting Files */,
			);
			path = "Pitch PerfectTests";
			sourceTree = "<group>";
		};
		FB4D2FAF1AA2458000186905 /* Supporting Files */ = {
			isa = PBXGroup;
			children = (
				FB4D2FB01AA2458000186905 /* Info.plist */,
			);
			name = "Supporting Files";
			sourceTree = "<group>";
		};
/* End PBXGroup section */

/* Begin PBXNativeTarget section */
		FB4D2F951AA2458000186905 /* Pitch Perfect */ = {
			isa = PBXNativeTarget;
			buildConfigurationList = FB4D2FB51AA2458000186905 /* Build configuration list for PBXNativeTarget "Pitch Perfect" */;
			buildPhases = (
				FB4D2F921AA2458000186905 /* Sources */,
				FB4D2F931AA2458000186905 /* Frameworks */,
				FB4D2F941AA2458000186905 /* Resources */,
			);
			buildRules = (
			);
			dependencies = (
			);
			name = "Pitch Perfect";
			productName = "Pitch Perfect";
			productReference = FB4D2F961AA2458000186905 /* Pitch Perfect.app */;
			productType = "com.apple.product-type.application";
		};
		FB4D2FAA1AA2458000186905 /* Pitch PerfectTests */ = {
			isa = PBXNativeTarget;
			buildConfigurationList = FB4D2FB81AA2458000186905 /* Build configuration list for PBXNativeTarget "Pitch PerfectTests" */;
			buildPhases = (
				FB4D2FA71AA2458000186905 /* Sources */,
				FB4D2FA81AA2458000186905 /* Frameworks */,
				FB4D2FA91AA2458000186905 /* Resources */,
			);
			buildRules = (
			);
			dependencies = (
				FB4D2FAD1AA2458000186905 /* PBXTargetDependency */,
			);
			name = "Pitch PerfectTests";
			productName = "Pitch PerfectTests";
			productReference = FB4D2FAB1AA2458000186905 /* Pitch PerfectTests.xctest */;
			productType = "com.apple.product-type.bundle.unit-test";
		};
/* End PBXNativeTarget section */

/* Begin PBXProject section */
		FB4D2F8E1AA2458000186905 /* Project object */ = {
			isa = PBXProject;
			attributes = {
				LastUpgradeCheck = 0610;
				ORGANIZATIONNAME = Spidergears;
				TargetAttributes = {
					FB4D2F951AA2458000186905 = {
						CreatedOnToolsVersion = 6.1.1;
					};
					FB4D2FAA1AA2458000186905 = {
						CreatedOnToolsVersion = 6.1.1;
						TestTargetID = FB4D2F951AA2458000186905;
					};
				};
			};
			buildConfigurationList = FB4D2F911AA2458000186905 /* Build configuration list for PBXProject "Pitch Perfect" */;
			compatibilityVersion = "Xcode 3.2";
			developmentRegion = English;
			hasScannedForEncodings = 0;
			knownRegions = (
				en,
				Base,
			);
			mainGroup = FB4D2F8D1AA2458000186905;
			productRefGroup = FB4D2F971AA2458000186905 /* Products */;
			projectDirPath = "";
			projectRoot = "";
			targets = (
				FB4D2F951AA2458000186905 /* Pitch Perfect */,
				FB4D2FAA1AA2458000186905 /* Pitch PerfectTests */,
			);
		};
/* End PBXProject section */

/* Begin PBXResourcesBuildPhase section */
		FB4D2F941AA2458000186905 /* Resources */ = {
			isa = PBXResourcesBuildPhase;
			buildActionMask = 2147483647;
			files = (
				FB4D2FA11AA2458000186905 /* Main.storyboard in Resources */,
				FBCB4B3C1B2CC931007EB946 /* slow2x.png in Resources */,
				FBCB4B431B2CE4B4007EB946 /* movie_quote.mp3 in Resources */,
				FBCB4B351B2CC8F6007EB946 /* microphone2x.png in Resources */,
				FBCB4B3B1B2CC931007EB946 /* darthvader2x.png in Resources */,
				FB4D2FA61AA2458000186905 /* LaunchScreen.xib in Resources */,
				FBCB4B3D1B2CC931007EB946 /* stop2x.png in Resources */,
				FB4D2FA31AA2458000186905 /* Images.xcassets in Resources */,
				FBCB4B3A1B2CC931007EB946 /* chipmunk2x.png in Resources */,
				FBCB4B3F1B2CD61D007EB946 /* fast2x.png in Resources */,
			);
			runOnlyForDeploymentPostprocessing = 0;
		};
		FB4D2FA91AA2458000186905 /* Resources */ = {
			isa = PBXResourcesBuildPhase;
			buildActionMask = 2147483647;
			files = (
			);
			runOnlyForDeploymentPostprocessing = 0;
		};
/* End PBXResourcesBuildPhase section */

/* Begin PBXSourcesBuildPhase section */
		FB4D2F921AA2458000186905 /* Sources */ = {
			isa = PBXSourcesBuildPhase;
			buildActionMask = 2147483647;
			files = (
				FB4D2F9E1AA2458000186905 /* RecordAudioController.swift in Sources */,
				FBCB4B451B2CED20007EB946 /* RecordedFile.swift in Sources */,
				FB4D2F9C1AA2458000186905 /* AppDelegate.swift in Sources */,
				FBCB4B411B2CE05F007EB946 /* PlayAudioController.swift in Sources */,
			);
			runOnlyForDeploymentPostprocessing = 0;
		};
		FB4D2FA71AA2458000186905 /* Sources */ = {
			isa = PBXSourcesBuildPhase;
			buildActionMask = 2147483647;
			files = (
				FB4D2FB21AA2458000186905 /* Pitch_PerfectTests.swift in Sources */,
			);
			runOnlyForDeploymentPostprocessing = 0;
		};
/* End PBXSourcesBuildPhase section */

/* Begin PBXTargetDependency section */
		FB4D2FAD1AA2458000186905 /* PBXTargetDependency */ = {
			isa = PBXTargetDependency;
			target = FB4D2F951AA2458000186905 /* Pitch Perfect */;
			targetProxy = FB4D2FAC1AA2458000186905 /* PBXContainerItemProxy */;
		};
/* End PBXTargetDependency section */

/* Begin PBXVariantGroup section */
		FB4D2F9F1AA2458000186905 /* Main.storyboard */ = {
			isa = PBXVariantGroup;
			children = (
				FB4D2FA01AA2458000186905 /* Base */,
			);
			name = Main.storyboard;
			sourceTree = "<group>";
		};
		FB4D2FA41AA2458000186905 /* LaunchScreen.xib */ = {
			isa = PBXVariantGroup;
			children = (
				FB4D2FA51AA2458000186905 /* Base */,
			);
			name = LaunchScreen.xib;
			sourceTree = "<group>";
		};
/* End PBXVariantGroup section */

/* Begin XCBuildConfiguration section */
		FB4D2FB31AA2458000186905 /* Debug */ = {
			isa = XCBuildConfiguration;
			buildSettings = {
				ALWAYS_SEARCH_USER_PATHS = NO;
				CLANG_CXX_LANGUAGE_STANDARD = "gnu++0x";
				CLANG_CXX_LIBRARY = "libc++";
				CLANG_ENABLE_MODULES = YES;
				CLANG_ENABLE_OBJC_ARC = YES;
				CLANG_WARN_BOOL_CONVERSION = YES;
				CLANG_WARN_CONSTANT_CONVERSION = YES;
				CLANG_WARN_DIRECT_OBJC_ISA_USAGE = YES_ERROR;
				CLANG_WARN_EMPTY_BODY = YES;
				CLANG_WARN_ENUM_CONVERSION = YES;
				CLANG_WARN_INT_CONVERSION = YES;
				CLANG_WARN_OBJC_ROOT_CLASS = YES_ERROR;
				CLANG_WARN_UNREACHABLE_CODE = YES;
				CLANG_WARN__DUPLICATE_METHOD_MATCH = YES;
				"CODE_SIGN_IDENTITY[sdk=iphoneos*]" = "iPhone Developer";
				COPY_PHASE_STRIP = NO;
				ENABLE_STRICT_OBJC_MSGSEND = YES;
				GCC_C_LANGUAGE_STANDARD = gnu99;
				GCC_DYNAMIC_NO_PIC = NO;
				GCC_OPTIMIZATION_LEVEL = 0;
				GCC_PREPROCESSOR_DEFINITIONS = (
					"DEBUG=1",
					"$(inherited)",
				);
				GCC_SYMBOLS_PRIVATE_EXTERN = NO;
				GCC_WARN_64_TO_32_BIT_CONVERSION = YES;
				GCC_WARN_ABOUT_RETURN_TYPE = YES_ERROR;
				GCC_WARN_UNDECLARED_SELECTOR = YES;
				GCC_WARN_UNINITIALIZED_AUTOS = YES_AGGRESSIVE;
				GCC_WARN_UNUSED_FUNCTION = YES;
				GCC_WARN_UNUSED_VARIABLE = YES;
				IPHONEOS_DEPLOYMENT_TARGET = 8.1;
				MTL_ENABLE_DEBUG_INFO = YES;
				ONLY_ACTIVE_ARCH = YES;
				SDKROOT = iphoneos;
				SWIFT_OPTIMIZATION_LEVEL = "-Onone";
			};
			name = Debug;
		};
		FB4D2FB41AA2458000186905 /* Release */ = {
			isa = XCBuildConfiguration;
			buildSettings = {
				ALWAYS_SEARCH_USER_PATHS = NO;
				CLANG_CXX_LANGUAGE_STANDARD = "gnu++0x";
				CLANG_CXX_LIBRARY = "libc++";
				CLANG_ENABLE_MODULES = YES;
				CLANG_ENABLE_OBJC_ARC = YES;
				CLANG_WARN_BOOL_CONVERSION = YES;
				CLANG_WARN_CONSTANT_CONVERSION = YES;
				CLANG_WARN_DIRECT_OBJC_ISA_USAGE = YES_ERROR;
				CLANG_WARN_EMPTY_BODY = YES;
				CLANG_WARN_ENUM_CONVERSION = YES;
				CLANG_WARN_INT_CONVERSION = YES;
				CLANG_WARN_OBJC_ROOT_CLASS = YES_ERROR;
				CLANG_WARN_UNREACHABLE_CODE = YES;
				CLANG_WARN__DUPLICATE_METHOD_MATCH = YES;
				"CODE_SIGN_IDENTITY[sdk=iphoneos*]" = "iPhone Developer";
				COPY_PHASE_STRIP = YES;
				ENABLE_NS_ASSERTIONS = NO;
				ENABLE_STRICT_OBJC_MSGSEND = YES;
				GCC_C_LANGUAGE_STANDARD = gnu99;
				GCC_WARN_64_TO_32_BIT_CONVERSION = YES;
				GCC_WARN_ABOUT_RETURN_TYPE = YES_ERROR;
				GCC_WARN_UNDECLARED_SELECTOR = YES;
				GCC_WARN_UNINITIALIZED_AUTOS = YES_AGGRESSIVE;
				GCC_WARN_UNUSED_FUNCTION = YES;
				GCC_WARN_UNUSED_VARIABLE = YES;
				IPHONEOS_DEPLOYMENT_TARGET = 8.1;
				MTL_ENABLE_DEBUG_INFO = NO;
				SDKROOT = iphoneos;
				VALIDATE_PRODUCT = YES;
			};
			name = Release;
		};
		FB4D2FB61AA2458000186905 /* Debug */ = {
			isa = XCBuildConfiguration;
			buildSettings = {
				ASSETCATALOG_COMPILER_APPICON_NAME = AppIcon;
				INFOPLIST_FILE = "Pitch Perfect/Info.plist";
				LD_RUNPATH_SEARCH_PATHS = "$(inherited) @executable_path/Frameworks";
				PRODUCT_NAME = "$(TARGET_NAME)";
			};
			name = Debug;
		};
		FB4D2FB71AA2458000186905 /* Release */ = {
			isa = XCBuildConfiguration;
			buildSettings = {
				ASSETCATALOG_COMPILER_APPICON_NAME = AppIcon;
				INFOPLIST_FILE = "Pitch Perfect/Info.plist";
				LD_RUNPATH_SEARCH_PATHS = "$(inherited) @executable_path/Frameworks";
				PRODUCT_NAME = "$(TARGET_NAME)";
			};
			name = Release;
		};
		FB4D2FB91AA2458000186905 /* Debug */ = {
			isa = XCBuildConfiguration;
			buildSettings = {
				BUNDLE_LOADER = "$(TEST_HOST)";
				FRAMEWORK_SEARCH_PATHS = (
					"$(SDKROOT)/Developer/Library/Frameworks",
					"$(inherited)",
				);
				GCC_PREPROCESSOR_DEFINITIONS = (
					"DEBUG=1",
					"$(inherited)",
				);
				INFOPLIST_FILE = "Pitch PerfectTests/Info.plist";
				LD_RUNPATH_SEARCH_PATHS = "$(inherited) @executable_path/Frameworks @loader_path/Frameworks";
				PRODUCT_NAME = "$(TARGET_NAME)";
				TEST_HOST = "$(BUILT_PRODUCTS_DIR)/Pitch Perfect.app/Pitch Perfect";
			};
			name = Debug;
		};
		FB4D2FBA1AA2458000186905 /* Release */ = {
			isa = XCBuildConfiguration;
			buildSettings = {
				BUNDLE_LOADER = "$(TEST_HOST)";
				FRAMEWORK_SEARCH_PATHS = (
					"$(SDKROOT)/Developer/Library/Frameworks",
					"$(inherited)",
				);
				INFOPLIST_FILE = "Pitch PerfectTests/Info.plist";
				LD_RUNPATH_SEARCH_PATHS = "$(inherited) @executable_path/Frameworks @loader_path/Frameworks";
				PRODUCT_NAME = "$(TARGET_NAME)";
				TEST_HOST = "$(BUILT_PRODUCTS_DIR)/Pitch Perfect.app/Pitch Perfect";
			};
			name = Release;
		};
/* End XCBuildConfiguration section */

/* Begin XCConfigurationList section */
		FB4D2F911AA2458000186905 /* Build configuration list for PBXProject "Pitch Perfect" */ = {
			isa = XCConfigurationList;
			buildConfigurations = (
				FB4D2FB31AA2458000186905 /* Debug */,
				FB4D2FB41AA2458000186905 /* Release */,
			);
			defaultConfigurationIsVisible = 0;
			defaultConfigurationName = Release;
		};
		FB4D2FB51AA2458000186905 /* Build configuration list for PBXNativeTarget "Pitch Perfect" */ = {
			isa = XCConfigurationList;
			buildConfigurations = (
				FB4D2FB61AA2458000186905 /* Debug */,
				FB4D2FB71AA2458000186905 /* Release */,
			);
			defaultConfigurationIsVisible = 0;
			defaultConfigurationName = Release;
		};
		FB4D2FB81AA2458000186905 /* Build configuration list for PBXNativeTarget "Pitch PerfectTests" */ = {
			isa = XCConfigurationList;
			buildConfigurations = (
				FB4D2FB91AA2458000186905 /* Debug */,
				FB4D2FBA1AA2458000186905 /* Release */,
			);
			defaultConfigurationIsVisible = 0;
			defaultConfigurationName = Release;
		};
/* End XCConfigurationList section */
	};
	rootObject = FB4D2F8E1AA2458000186905 /* Project object */;
}
